
Microsoft Visual Studio Solution File, Format Version 12.00
# Visual Studio 14
VisualStudioVersion = 14.0.25420.1
MinimumVisualStudioVersion = 10.0.40219.1
Project("{FAE04EC0-301F-11D3-BF4B-00C04F79EFBC}") = "Lession1", "Lession1\Lession1.csproj", "{44EC93C6-6DBF-4ADF-B37A-8984151755F3}"
EndProject
Project("{FAE04EC0-301F-11D3-BF4B-00C04F79EFBC}") = "Lession2_CauDieuKien", "Lession2\Lession2_CauDieuKien.csproj", "{8CFFCFDB-6924-4733-948E-AC5F2860C789}"
EndProject
Project("{FAE04EC0-301F-11D3-BF4B-00C04F79EFBC}") = "Lession3_ThucHanh", "Lession3_ThucHanh\Lession3_ThucHanh.csproj", "{92B49E66-9B6B-4CA5-8AE5-7067FA960768}"
EndProject
Project("{FAE04EC0-301F-11D3-BF4B-00C04F79EFBC}") = "Lession5_CauTrucLap", "Lession5_CauTrucLap\Lession5_CauTrucLap.csproj", "{91730D5E-36F8-4F43-A54E-1E5FAD57DD69}"
EndProject
Project("{FAE04EC0-301F-11D3-BF4B-00C04F79EFBC}") = "Lession6_Mang", "Lession6_Mang\Lession6_Mang.csproj", "{0672DCBC-F433-479C-B530-FBBB535E7570}"
EndProject
Project("{FAE04EC0-301F-11D3-BF4B-00C04F79EFBC}") = "Lession7_PhuongThuc", "Lession7_PhuongThuc\Lession7_PhuongThuc.csproj", "{051CCC06-193A-44CC-A33C-AB4FB56DFB9D}"
EndProject
Project("{FAE04EC0-301F-11D3-BF4B-00C04F79EFBC}") = "changetemperature", "changetemperature\changetemperature.csproj", "{6048ACC8-8940-48F7-AA1D-083F286DCFA3}"
EndProject
Project("{FAE04EC0-301F-11D3-BF4B-00C04F79EFBC}") = "maxminarray", "maxminarray\maxminarray.csproj", "{901E23AD-5BF2-44CE-8EE8-ADC1BBE0F5EE}"
EndProject
Project("{FAE04EC0-301F-11D3-BF4B-00C04F79EFBC}") = "SnakeGame", "SnakeGame\SnakeGame.csproj", "{E5CB640C-2FCC-4F3E-9BAC-0A4B42568897}"
EndProject
Project("{FAE04EC0-301F-11D3-BF4B-00C04F79EFBC}") = "DeleteItemArray", "DeleteItemArray\DeleteItemArray.csproj", "{26DB515D-A19B-4F49-8682-6501E981FDC1}"
EndProject
Project("{FAE04EC0-301F-11D3-BF4B-00C04F79EFBC}") = "Lession_Lop", "Lession_Lop\Lession_Lop.csproj", "{1D3A3E4B-920E-4AD2-963C-CBDD5D26EDA2}"
EndProject
Project("{FAE04EC0-301F-11D3-BF4B-00C04F79EFBC}") = "Rectangle", "Rectangle\Rectangle.csproj", "{14ACD87C-9041-4AB9-B45A-4BAC86098965}"
EndProject
Project("{FAE04EC0-301F-11D3-BF4B-00C04F79EFBC}") = "AnimalProject", "AnimalProject\AnimalProject.csproj", "{84E62033-68A8-4004-8B14-348800BAAF7A}"
EndProject
Project("{FAE04EC0-301F-11D3-BF4B-00C04F79EFBC}") = "StaticMethod", "StaticMethod\StaticMethod.csproj", "{3197B133-F276-4A71-8A83-7C09AF5FD3EC}"
EndProject
Project("{FAE04EC0-301F-11D3-BF4B-00C04F79EFBC}") = "FanProject", "FanProject\FanProject.csproj", "{16EF33C8-7CEF-49F3-8FDD-B945EA3309E7}"
EndProject
Project("{FAE04EC0-301F-11D3-BF4B-00C04F79EFBC}") = "StopWatchProject", "StopWatchProject\StopWatchProject.csproj", "{FBAED051-E6BE-4C1C-A05F-2DEB6682271A}"
EndProject
Project("{FAE04EC0-301F-11D3-BF4B-00C04F79EFBC}") = "HinhHocProject", "HinhHocProject\HinhHocProject.csproj", "{7D6B6903-F2D6-4AA6-A962-1E2AAA2D56B0}"
EndProject
Project("{FAE04EC0-301F-11D3-BF4B-00C04F79EFBC}") = "ShapeProject", "ShapeProject\ShapeProject.csproj", "{1C8F73F3-0812-44A4-85E8-C38742EE4BEC}"
EndProject
Project("{FAE04EC0-301F-11D3-BF4B-00C04F79EFBC}") = "Circle_Cylinder", "Circle_Cylinder\Circle_Cylinder.csproj", "{4EA85C95-6DDE-4B8D-9FB3-D8D47AD99014}"
EndProject
Project("{FAE04EC0-301F-11D3-BF4B-00C04F79EFBC}") = "Point2D3DProject", "Point2D3DProject\Point2D3DProject.csproj", "{91C722AE-E437-45B1-94C8-3B69E84C06F3}"
EndProject
Project("{FAE04EC0-301F-11D3-BF4B-00C04F79EFBC}") = "CountString", "CountString\CountString.csproj", "{B39DD570-743F-471C-8501-9F29A3D3F3F1}"
EndProject
Project("{FAE04EC0-301F-11D3-BF4B-00C04F79EFBC}") = "AnimalInterface", "AnimalInterface\AnimalInterface.csproj", "{350674EB-44BB-4969-85FE-C6DBA704DE65}"
EndProject
Project("{FAE04EC0-301F-11D3-BF4B-00C04F79EFBC}") = "IComparableproject", "IComparableproject\IComparableproject.csproj", "{D55D8A37-131E-4E2E-937F-BC2CA6C43701}"
EndProject
Project("{FAE04EC0-301F-11D3-BF4B-00C04F79EFBC}") = "LoopShapes", "LoopShapes\LoopShapes.csproj", "{FAA1FE89-4890-48CA-9DD8-8323BA21291A}"
EndProject
Project("{FAE04EC0-301F-11D3-BF4B-00C04F79EFBC}") = "ResizeableProject", "ResizeableProject\ResizeableProject.csproj", "{D2FEF24D-BCE9-4DA0-888D-F67CDD66B75D}"
EndProject
Project("{FAE04EC0-301F-11D3-BF4B-00C04F79EFBC}") = "interfaceIColorableProject", "interfaceIColorableProject\interfaceIColorableProject.csproj", "{59181F6F-A495-4849-95CC-8E9BE9B88688}"
EndProject
Project("{FAE04EC0-301F-11D3-BF4B-00C04F79EFBC}") = "IndexOutOfRangeException", "IndexOutOfRangeException\IndexOutOfRangeException.csproj", "{68FDFAB6-C049-4463-A52D-E58BE38C9213}"
EndProject
Project("{FAE04EC0-301F-11D3-BF4B-00C04F79EFBC}") = "FileFileInfo", "FileFileInfo\FileFileInfo.csproj", "{3394C839-301E-4508-8E86-3F6E862871A6}"
EndProject
Project("{FAE04EC0-301F-11D3-BF4B-00C04F79EFBC}") = "W8_0_sumNumber", "W8_0_sumNumber\W8_0_sumNumber.csproj", "{2A00AFFE-F66A-46F8-BE9F-AF3CF53F6419}"
EndProject
Project("{FAE04EC0-301F-11D3-BF4B-00C04F79EFBC}") = "W8_1_copyFile", "W8_1_copyFile\W8_1_copyFile.csproj", "{A5FC812B-F913-4733-9297-3DB1AD06A68D}"
EndProject
Project("{FAE04EC0-301F-11D3-BF4B-00C04F79EFBC}") = "W8_2_xml", "W8_2_xml\W8_2_xml.csproj", "{F97ABAD3-7D97-470B-A286-CABC58839AAE}"
EndProject
Global
	GlobalSection(SolutionConfigurationPlatforms) = preSolution
		Debug|Any CPU = Debug|Any CPU
		Release|Any CPU = Release|Any CPU
	EndGlobalSection
	GlobalSection(ProjectConfigurationPlatforms) = postSolution
		{44EC93C6-6DBF-4ADF-B37A-8984151755F3}.Debug|Any CPU.ActiveCfg = Debug|Any CPU
		{44EC93C6-6DBF-4ADF-B37A-8984151755F3}.Debug|Any CPU.Build.0 = Debug|Any CPU
		{44EC93C6-6DBF-4ADF-B37A-8984151755F3}.Release|Any CPU.ActiveCfg = Release|Any CPU
		{44EC93C6-6DBF-4ADF-B37A-8984151755F3}.Release|Any CPU.Build.0 = Release|Any CPU
		{8CFFCFDB-6924-4733-948E-AC5F2860C789}.Debug|Any CPU.ActiveCfg = Debug|Any CPU
		{8CFFCFDB-6924-4733-948E-AC5F2860C789}.Debug|Any CPU.Build.0 = Debug|Any CPU
		{8CFFCFDB-6924-4733-948E-AC5F2860C789}.Release|Any CPU.ActiveCfg = Release|Any CPU
		{8CFFCFDB-6924-4733-948E-AC5F2860C789}.Release|Any CPU.Build.0 = Release|Any CPU
		{92B49E66-9B6B-4CA5-8AE5-7067FA960768}.Debug|Any CPU.ActiveCfg = Debug|Any CPU
		{92B49E66-9B6B-4CA5-8AE5-7067FA960768}.Debug|Any CPU.Build.0 = Debug|Any CPU
		{92B49E66-9B6B-4CA5-8AE5-7067FA960768}.Release|Any CPU.ActiveCfg = Release|Any CPU
		{92B49E66-9B6B-4CA5-8AE5-7067FA960768}.Release|Any CPU.Build.0 = Release|Any CPU
		{91730D5E-36F8-4F43-A54E-1E5FAD57DD69}.Debug|Any CPU.ActiveCfg = Debug|Any CPU
		{91730D5E-36F8-4F43-A54E-1E5FAD57DD69}.Debug|Any CPU.Build.0 = Debug|Any CPU
		{91730D5E-36F8-4F43-A54E-1E5FAD57DD69}.Release|Any CPU.ActiveCfg = Release|Any CPU
		{91730D5E-36F8-4F43-A54E-1E5FAD57DD69}.Release|Any CPU.Build.0 = Release|Any CPU
		{0672DCBC-F433-479C-B530-FBBB535E7570}.Debug|Any CPU.ActiveCfg = Debug|Any CPU
		{0672DCBC-F433-479C-B530-FBBB535E7570}.Debug|Any CPU.Build.0 = Debug|Any CPU
		{0672DCBC-F433-479C-B530-FBBB535E7570}.Release|Any CPU.ActiveCfg = Release|Any CPU
		{0672DCBC-F433-479C-B530-FBBB535E7570}.Release|Any CPU.Build.0 = Release|Any CPU
		{051CCC06-193A-44CC-A33C-AB4FB56DFB9D}.Debug|Any CPU.ActiveCfg = Debug|Any CPU
		{051CCC06-193A-44CC-A33C-AB4FB56DFB9D}.Debug|Any CPU.Build.0 = Debug|Any CPU
		{051CCC06-193A-44CC-A33C-AB4FB56DFB9D}.Release|Any CPU.ActiveCfg = Release|Any CPU
		{051CCC06-193A-44CC-A33C-AB4FB56DFB9D}.Release|Any CPU.Build.0 = Release|Any CPU
		{6048ACC8-8940-48F7-AA1D-083F286DCFA3}.Debug|Any CPU.ActiveCfg = Debug|Any CPU
		{6048ACC8-8940-48F7-AA1D-083F286DCFA3}.Debug|Any CPU.Build.0 = Debug|Any CPU
		{6048ACC8-8940-48F7-AA1D-083F286DCFA3}.Release|Any CPU.ActiveCfg = Release|Any CPU
		{6048ACC8-8940-48F7-AA1D-083F286DCFA3}.Release|Any CPU.Build.0 = Release|Any CPU
		{901E23AD-5BF2-44CE-8EE8-ADC1BBE0F5EE}.Debug|Any CPU.ActiveCfg = Debug|Any CPU
		{901E23AD-5BF2-44CE-8EE8-ADC1BBE0F5EE}.Debug|Any CPU.Build.0 = Debug|Any CPU
		{901E23AD-5BF2-44CE-8EE8-ADC1BBE0F5EE}.Release|Any CPU.ActiveCfg = Release|Any CPU
		{901E23AD-5BF2-44CE-8EE8-ADC1BBE0F5EE}.Release|Any CPU.Build.0 = Release|Any CPU
		{E5CB640C-2FCC-4F3E-9BAC-0A4B42568897}.Debug|Any CPU.ActiveCfg = Debug|Any CPU
		{E5CB640C-2FCC-4F3E-9BAC-0A4B42568897}.Debug|Any CPU.Build.0 = Debug|Any CPU
		{E5CB640C-2FCC-4F3E-9BAC-0A4B42568897}.Release|Any CPU.ActiveCfg = Release|Any CPU
		{E5CB640C-2FCC-4F3E-9BAC-0A4B42568897}.Release|Any CPU.Build.0 = Release|Any CPU
		{26DB515D-A19B-4F49-8682-6501E981FDC1}.Debug|Any CPU.ActiveCfg = Debug|Any CPU
		{26DB515D-A19B-4F49-8682-6501E981FDC1}.Debug|Any CPU.Build.0 = Debug|Any CPU
		{26DB515D-A19B-4F49-8682-6501E981FDC1}.Release|Any CPU.ActiveCfg = Release|Any CPU
		{26DB515D-A19B-4F49-8682-6501E981FDC1}.Release|Any CPU.Build.0 = Release|Any CPU
		{1D3A3E4B-920E-4AD2-963C-CBDD5D26EDA2}.Debug|Any CPU.ActiveCfg = Debug|Any CPU
		{1D3A3E4B-920E-4AD2-963C-CBDD5D26EDA2}.Debug|Any CPU.Build.0 = Debug|Any CPU
		{1D3A3E4B-920E-4AD2-963C-CBDD5D26EDA2}.Release|Any CPU.ActiveCfg = Release|Any CPU
		{1D3A3E4B-920E-4AD2-963C-CBDD5D26EDA2}.Release|Any CPU.Build.0 = Release|Any CPU
		{14ACD87C-9041-4AB9-B45A-4BAC86098965}.Debug|Any CPU.ActiveCfg = Debug|Any CPU
		{14ACD87C-9041-4AB9-B45A-4BAC86098965}.Debug|Any CPU.Build.0 = Debug|Any CPU
		{14ACD87C-9041-4AB9-B45A-4BAC86098965}.Release|Any CPU.ActiveCfg = Release|Any CPU
		{14ACD87C-9041-4AB9-B45A-4BAC86098965}.Release|Any CPU.Build.0 = Release|Any CPU
		{84E62033-68A8-4004-8B14-348800BAAF7A}.Debug|Any CPU.ActiveCfg = Debug|Any CPU
		{84E62033-68A8-4004-8B14-348800BAAF7A}.Debug|Any CPU.Build.0 = Debug|Any CPU
		{84E62033-68A8-4004-8B14-348800BAAF7A}.Release|Any CPU.ActiveCfg = Release|Any CPU
		{84E62033-68A8-4004-8B14-348800BAAF7A}.Release|Any CPU.Build.0 = Release|Any CPU
		{3197B133-F276-4A71-8A83-7C09AF5FD3EC}.Debug|Any CPU.ActiveCfg = Debug|Any CPU
		{3197B133-F276-4A71-8A83-7C09AF5FD3EC}.Debug|Any CPU.Build.0 = Debug|Any CPU
		{3197B133-F276-4A71-8A83-7C09AF5FD3EC}.Release|Any CPU.ActiveCfg = Release|Any CPU
		{3197B133-F276-4A71-8A83-7C09AF5FD3EC}.Release|Any CPU.Build.0 = Release|Any CPU
		{16EF33C8-7CEF-49F3-8FDD-B945EA3309E7}.Debug|Any CPU.ActiveCfg = Debug|Any CPU
		{16EF33C8-7CEF-49F3-8FDD-B945EA3309E7}.Debug|Any CPU.Build.0 = Debug|Any CPU
		{16EF33C8-7CEF-49F3-8FDD-B945EA3309E7}.Release|Any CPU.ActiveCfg = Release|Any CPU
		{16EF33C8-7CEF-49F3-8FDD-B945EA3309E7}.Release|Any CPU.Build.0 = Release|Any CPU
		{FBAED051-E6BE-4C1C-A05F-2DEB6682271A}.Debug|Any CPU.ActiveCfg = Debug|Any CPU
		{FBAED051-E6BE-4C1C-A05F-2DEB6682271A}.Debug|Any CPU.Build.0 = Debug|Any CPU
		{FBAED051-E6BE-4C1C-A05F-2DEB6682271A}.Release|Any CPU.ActiveCfg = Release|Any CPU
		{FBAED051-E6BE-4C1C-A05F-2DEB6682271A}.Release|Any CPU.Build.0 = Release|Any CPU
		{7D6B6903-F2D6-4AA6-A962-1E2AAA2D56B0}.Debug|Any CPU.ActiveCfg = Debug|Any CPU
		{7D6B6903-F2D6-4AA6-A962-1E2AAA2D56B0}.Debug|Any CPU.Build.0 = Debug|Any CPU
		{7D6B6903-F2D6-4AA6-A962-1E2AAA2D56B0}.Release|Any CPU.ActiveCfg = Release|Any CPU
		{7D6B6903-F2D6-4AA6-A962-1E2AAA2D56B0}.Release|Any CPU.Build.0 = Release|Any CPU
		{1C8F73F3-0812-44A4-85E8-C38742EE4BEC}.Debug|Any CPU.ActiveCfg = Debug|Any CPU
		{1C8F73F3-0812-44A4-85E8-C38742EE4BEC}.Debug|Any CPU.Build.0 = Debug|Any CPU
		{1C8F73F3-0812-44A4-85E8-C38742EE4BEC}.Release|Any CPU.ActiveCfg = Release|Any CPU
		{1C8F73F3-0812-44A4-85E8-C38742EE4BEC}.Release|Any CPU.Build.0 = Release|Any CPU
		{4EA85C95-6DDE-4B8D-9FB3-D8D47AD99014}.Debug|Any CPU.ActiveCfg = Debug|Any CPU
		{4EA85C95-6DDE-4B8D-9FB3-D8D47AD99014}.Debug|Any CPU.Build.0 = Debug|Any CPU
		{4EA85C95-6DDE-4B8D-9FB3-D8D47AD99014}.Release|Any CPU.ActiveCfg = Release|Any CPU
		{4EA85C95-6DDE-4B8D-9FB3-D8D47AD99014}.Release|Any CPU.Build.0 = Release|Any CPU
		{91C722AE-E437-45B1-94C8-3B69E84C06F3}.Debug|Any CPU.ActiveCfg = Debug|Any CPU
		{91C722AE-E437-45B1-94C8-3B69E84C06F3}.Debug|Any CPU.Build.0 = Debug|Any CPU
		{91C722AE-E437-45B1-94C8-3B69E84C06F3}.Release|Any CPU.ActiveCfg = Release|Any CPU
		{91C722AE-E437-45B1-94C8-3B69E84C06F3}.Release|Any CPU.Build.0 = Release|Any CPU
		{B39DD570-743F-471C-8501-9F29A3D3F3F1}.Debug|Any CPU.ActiveCfg = Debug|Any CPU
		{B39DD570-743F-471C-8501-9F29A3D3F3F1}.Debug|Any CPU.Build.0 = Debug|Any CPU
		{B39DD570-743F-471C-8501-9F29A3D3F3F1}.Release|Any CPU.ActiveCfg = Release|Any CPU
		{B39DD570-743F-471C-8501-9F29A3D3F3F1}.Release|Any CPU.Build.0 = Release|Any CPU
		{350674EB-44BB-4969-85FE-C6DBA704DE65}.Debug|Any CPU.ActiveCfg = Debug|Any CPU
		{350674EB-44BB-4969-85FE-C6DBA704DE65}.Debug|Any CPU.Build.0 = Debug|Any CPU
		{350674EB-44BB-4969-85FE-C6DBA704DE65}.Release|Any CPU.ActiveCfg = Release|Any CPU
		{350674EB-44BB-4969-85FE-C6DBA704DE65}.Release|Any CPU.Build.0 = Release|Any CPU
		{D55D8A37-131E-4E2E-937F-BC2CA6C43701}.Debug|Any CPU.ActiveCfg = Debug|Any CPU
		{D55D8A37-131E-4E2E-937F-BC2CA6C43701}.Debug|Any CPU.Build.0 = Debug|Any CPU
		{D55D8A37-131E-4E2E-937F-BC2CA6C43701}.Release|Any CPU.ActiveCfg = Release|Any CPU
		{D55D8A37-131E-4E2E-937F-BC2CA6C43701}.Release|Any CPU.Build.0 = Release|Any CPU
		{FAA1FE89-4890-48CA-9DD8-8323BA21291A}.Debug|Any CPU.ActiveCfg = Debug|Any CPU
		{FAA1FE89-4890-48CA-9DD8-8323BA21291A}.Debug|Any CPU.Build.0 = Debug|Any CPU
		{FAA1FE89-4890-48CA-9DD8-8323BA21291A}.Release|Any CPU.ActiveCfg = Release|Any CPU
		{FAA1FE89-4890-48CA-9DD8-8323BA21291A}.Release|Any CPU.Build.0 = Release|Any CPU
		{D2FEF24D-BCE9-4DA0-888D-F67CDD66B75D}.Debug|Any CPU.ActiveCfg = Debug|Any CPU
		{D2FEF24D-BCE9-4DA0-888D-F67CDD66B75D}.Debug|Any CPU.Build.0 = Debug|Any CPU
		{D2FEF24D-BCE9-4DA0-888D-F67CDD66B75D}.Release|Any CPU.ActiveCfg = Release|Any CPU
		{D2FEF24D-BCE9-4DA0-888D-F67CDD66B75D}.Release|Any CPU.Build.0 = Release|Any CPU
		{59181F6F-A495-4849-95CC-8E9BE9B88688}.Debug|Any CPU.ActiveCfg = Debug|Any CPU
		{59181F6F-A495-4849-95CC-8E9BE9B88688}.Debug|Any CPU.Build.0 = Debug|Any CPU
		{59181F6F-A495-4849-95CC-8E9BE9B88688}.Release|Any CPU.ActiveCfg = Release|Any CPU
		{59181F6F-A495-4849-95CC-8E9BE9B88688}.Release|Any CPU.Build.0 = Release|Any CPU
		{68FDFAB6-C049-4463-A52D-E58BE38C9213}.Debug|Any CPU.ActiveCfg = Debug|Any CPU
		{68FDFAB6-C049-4463-A52D-E58BE38C9213}.Debug|Any CPU.Build.0 = Debug|Any CPU
		{68FDFAB6-C049-4463-A52D-E58BE38C9213}.Release|Any CPU.ActiveCfg = Release|Any CPU
		{68FDFAB6-C049-4463-A52D-E58BE38C9213}.Release|Any CPU.Build.0 = Release|Any CPU
		{3394C839-301E-4508-8E86-3F6E862871A6}.Debug|Any CPU.ActiveCfg = Debug|Any CPU
		{3394C839-301E-4508-8E86-3F6E862871A6}.Debug|Any CPU.Build.0 = Debug|Any CPU
		{3394C839-301E-4508-8E86-3F6E862871A6}.Release|Any CPU.ActiveCfg = Release|Any CPU
		{3394C839-301E-4508-8E86-3F6E862871A6}.Release|Any CPU.Build.0 = Release|Any CPU
		{2A00AFFE-F66A-46F8-BE9F-AF3CF53F6419}.Debug|Any CPU.ActiveCfg = Debug|Any CPU
		{2A00AFFE-F66A-46F8-BE9F-AF3CF53F6419}.Debug|Any CPU.Build.0 = Debug|Any CPU
		{2A00AFFE-F66A-46F8-BE9F-AF3CF53F6419}.Release|Any CPU.ActiveCfg = Release|Any CPU
		{2A00AFFE-F66A-46F8-BE9F-AF3CF53F6419}.Release|Any CPU.Build.0 = Release|Any CPU
		{A5FC812B-F913-4733-9297-3DB1AD06A68D}.Debug|Any CPU.ActiveCfg = Debug|Any CPU
		{A5FC812B-F913-4733-9297-3DB1AD06A68D}.Debug|Any CPU.Build.0 = Debug|Any CPU
		{A5FC812B-F913-4733-9297-3DB1AD06A68D}.Release|Any CPU.ActiveCfg = Release|Any CPU
		{A5FC812B-F913-4733-9297-3DB1AD06A68D}.Release|Any CPU.Build.0 = Release|Any CPU
		{F97ABAD3-7D97-470B-A286-CABC58839AAE}.Debug|Any CPU.ActiveCfg = Debug|Any CPU
		{F97ABAD3-7D97-470B-A286-CABC58839AAE}.Debug|Any CPU.Build.0 = Debug|Any CPU
		{F97ABAD3-7D97-470B-A286-CABC58839AAE}.Release|Any CPU.ActiveCfg = Release|Any CPU
		{F97ABAD3-7D97-470B-A286-CABC58839AAE}.Release|Any CPU.Build.0 = Release|Any CPU
	EndGlobalSection
	GlobalSection(SolutionProperties) = preSolution
		HideSolutionNode = FALSE
	EndGlobalSection
EndGlobal
